
Microsoft Visual Studio Solution File, Format Version 12.00
# Visual Studio Version 17
VisualStudioVersion = 17.9.34728.123
MinimumVisualStudioVersion = 10.0.40219.1
Project("{9A19103F-16F7-4668-BE54-9A1E7A4F7556}") = "GreenSwitch", "GreenSwitch.csproj", "{C2C58F92-9584-4551-8041-5765926FDEEE}"
EndProject
Global
	GlobalSection(SolutionConfigurationPlatforms) = preSolution
		Debug|Any CPU = Debug|Any CPU
		Release|Any CPU = Release|Any CPU
	EndGlobalSection
	GlobalSection(ProjectConfigurationPlatforms) = postSolution
		{C2C58F92-9584-4551-8041-5765926FDEEE}.Debug|Any CPU.ActiveCfg = Debug|Any CPU
		{C2C58F92-9584-4551-8041-5765926FDEEE}.Debug|Any CPU.Build.0 = Debug|Any CPU
		{C2C58F92-9584-4551-8041-5765926FDEEE}.Release|Any CPU.ActiveCfg = Release|Any CPU
		{C2C58F92-9584-4551-8041-5765926FDEEE}.Release|Any CPU.Build.0 = Release|Any CPU
	EndGlobalSection
	GlobalSection(SolutionProperties) = preSolution
		HideSolutionNode = FALSE
	EndGlobalSection
	GlobalSection(ExtensibilityGlobals) = postSolution
		SolutionGuid = {D0E65899-3E37-4A2D-8E41-145B39F0DD68}
	EndGlobalSection
EndGlobal
